
Microsoft Visual Studio Solution File, Format Version 12.00
# Visual Studio Version 17
VisualStudioVersion = 17.14.36414.22 d17.14
MinimumVisualStudioVersion = 10.0.40219.1
Project("{FAE04EC0-301F-11D3-BF4B-00C04F79EFBC}") = "Assignment1", "Assignment1.csproj", "{68484B12-4C39-4020-82AC-E71B16D008D6}"
EndProject
Global
	GlobalSection(SolutionConfigurationPlatforms) = preSolution
		Debug|Any CPU = Debug|Any CPU
		Release|Any CPU = Release|Any CPU
	EndGlobalSection
	GlobalSection(ProjectConfigurationPlatforms) = postSolution
		{68484B12-4C39-4020-82AC-E71B16D008D6}.Debug|Any CPU.ActiveCfg = Debug|Any CPU
		{68484B12-4C39-4020-82AC-E71B16D008D6}.Debug|Any CPU.Build.0 = Debug|Any CPU
		{68484B12-4C39-4020-82AC-E71B16D008D6}.Release|Any CPU.ActiveCfg = Release|Any CPU
		{68484B12-4C39-4020-82AC-E71B16D008D6}.Release|Any CPU.Build.0 = Release|Any CPU
	EndGlobalSection
	GlobalSection(SolutionProperties) = preSolution
		HideSolutionNode = FALSE
	EndGlobalSection
	GlobalSection(ExtensibilityGlobals) = postSolution
		SolutionGuid = {F6440320-B990-4CA2-B29E-040CD6BB8066}
	EndGlobalSection
EndGlobal
